
Microsoft Visual Studio Solution File, Format Version 12.00
# Visual Studio Version 17
VisualStudioVersion = 17.12.35707.178
MinimumVisualStudioVersion = 10.0.40219.1
Project("{FAE04EC0-301F-11D3-BF4B-00C04F79EFBC}") = "ERPSystem", "ERPSystem\ERPSystem.csproj", "{396E39EE-A25A-43E8-BD61-5AC133592CF9}"
EndProject
Project("{FAE04EC0-301F-11D3-BF4B-00C04F79EFBC}") = "ERPSystemTests", "ERPSystemTests\ERPSystemTests.csproj", "{FB0C345B-CA2B-4ECB-B22C-50C5AAAC6C55}"
EndProject
Global
	GlobalSection(SolutionConfigurationPlatforms) = preSolution
		Debug|Any CPU = Debug|Any CPU
		Release|Any CPU = Release|Any CPU
	EndGlobalSection
	GlobalSection(ProjectConfigurationPlatforms) = postSolution
		{396E39EE-A25A-43E8-BD61-5AC133592CF9}.Debug|Any CPU.ActiveCfg = Debug|Any CPU
		{396E39EE-A25A-43E8-BD61-5AC133592CF9}.Debug|Any CPU.Build.0 = Debug|Any CPU
		{396E39EE-A25A-43E8-BD61-5AC133592CF9}.Release|Any CPU.ActiveCfg = Release|Any CPU
		{396E39EE-A25A-43E8-BD61-5AC133592CF9}.Release|Any CPU.Build.0 = Release|Any CPU
		{FB0C345B-CA2B-4ECB-B22C-50C5AAAC6C55}.Debug|Any CPU.ActiveCfg = Debug|Any CPU
		{FB0C345B-CA2B-4ECB-B22C-50C5AAAC6C55}.Debug|Any CPU.Build.0 = Debug|Any CPU
		{FB0C345B-CA2B-4ECB-B22C-50C5AAAC6C55}.Release|Any CPU.ActiveCfg = Release|Any CPU
		{FB0C345B-CA2B-4ECB-B22C-50C5AAAC6C55}.Release|Any CPU.Build.0 = Release|Any CPU
	EndGlobalSection
	GlobalSection(SolutionProperties) = preSolution
		HideSolutionNode = FALSE
	EndGlobalSection
EndGlobal
